// !$*UTF8*$!
{
	archiveVersion = 1;
	classes = {
	};
	objectVersion = 46;
	objects = {

/* Begin PBXAggregateTarget section */
		D9F50E0B18FC956700A71C1F /* Documentation */ = {
			isa = PBXAggregateTarget;
			buildConfigurationList = D9F50E0E18FC956700A71C1F /* Build configuration list for PBXAggregateTarget "Documentation" */;
			buildPhases = (
				D9F50E0F18FC956F00A71C1F /* ShellScript */,
			);
			dependencies = (
			);
			name = Documentation;
			productName = Documentation;
		};
/* End PBXAggregateTarget section */

/* Begin PBXBuildFile section */
		4BA8413B7CA949B0A7A2AF9F /* libPods.a in Frameworks */ = {isa = PBXBuildFile; fileRef = D5C3B6210219445A92F3D20B /* libPods.a */; };
		D925AD7B1A3FD1D7001A1C58 /* Pods-acknowledgements.plist in Resources */ = {isa = PBXBuildFile; fileRef = D925AD7A1A3FD1D7001A1C58 /* Pods-acknowledgements.plist */; };
		D945ADA4189853A80026F697 /* Foundation.framework in Frameworks */ = {isa = PBXBuildFile; fileRef = D99912CE18984D3F00BFCBA4 /* Foundation.framework */; };
		D945ADA6189853A80026F697 /* CoreGraphics.framework in Frameworks */ = {isa = PBXBuildFile; fileRef = D945ADA5189853A80026F697 /* CoreGraphics.framework */; };
		D945ADD7189854000026F697 /* InfoPlist.strings in Resources */ = {isa = PBXBuildFile; fileRef = D945ADCF189854000026F697 /* InfoPlist.strings */; };
		D945ADD8189854000026F697 /* Images.xcassets in Resources */ = {isa = PBXBuildFile; fileRef = D945ADD1189854000026F697 /* Images.xcassets */; };
		D945ADD9189854000026F697 /* KFAppDelegate.m in Sources */ = {isa = PBXBuildFile; fileRef = D945ADD3189854000026F697 /* KFAppDelegate.m */; };
		D945ADDB189854000026F697 /* main.m in Sources */ = {isa = PBXBuildFile; fileRef = D945ADD6189854000026F697 /* main.m */; };
		D945AF411898635A0026F697 /* KFDemoViewController.m in Sources */ = {isa = PBXBuildFile; fileRef = D945AF401898635A0026F697 /* KFDemoViewController.m */; };
		D945AF571898724A0026F697 /* AVFoundation.framework in Frameworks */ = {isa = PBXBuildFile; fileRef = D945AF531898722B0026F697 /* AVFoundation.framework */; };
		D945AF601898729F0026F697 /* CoreMedia.framework in Frameworks */ = {isa = PBXBuildFile; fileRef = D945AF5F1898729F0026F697 /* CoreMedia.framework */; };
		D945AF62189872A80026F697 /* CoreAudio.framework in Frameworks */ = {isa = PBXBuildFile; fileRef = D945AF61189872A80026F697 /* CoreAudio.framework */; };
		D945AF64189872C60026F697 /* AudioToolbox.framework in Frameworks */ = {isa = PBXBuildFile; fileRef = D945AF63189872C60026F697 /* AudioToolbox.framework */; };
		D945AF68189873900026F697 /* libc++.dylib in Frameworks */ = {isa = PBXBuildFile; fileRef = D945AF67189873900026F697 /* libc++.dylib */; };
		D945AF6C189874B80026F697 /* SystemConfiguration.framework in Frameworks */ = {isa = PBXBuildFile; fileRef = D945AF6A189874AB0026F697 /* SystemConfiguration.framework */; };
		D945AF6E189874C80026F697 /* MobileCoreServices.framework in Frameworks */ = {isa = PBXBuildFile; fileRef = D945AF6D189874C70026F697 /* MobileCoreServices.framework */; };
		D9FFDAB8194BC7B300D76CFF /* KFConstants.m in Sources */ = {isa = PBXBuildFile; fileRef = D9FFDAB7194BC7B300D76CFF /* KFConstants.m */; };
		E524B5E11B8E21B7008486C0 /* KFAACEncoder.m in Sources */ = {isa = PBXBuildFile; fileRef = E524B59B1B8E21B7008486C0 /* KFAACEncoder.m */; };
		E524B5E21B8E21B7008486C0 /* KFAudioEncoder.m in Sources */ = {isa = PBXBuildFile; fileRef = E524B59D1B8E21B7008486C0 /* KFAudioEncoder.m */; };
		E524B5E31B8E21B7008486C0 /* KFEncoder.m in Sources */ = {isa = PBXBuildFile; fileRef = E524B59F1B8E21B7008486C0 /* KFEncoder.m */; };
		E524B5E41B8E21B7008486C0 /* KFFrame.m in Sources */ = {isa = PBXBuildFile; fileRef = E524B5A11B8E21B7008486C0 /* KFFrame.m */; };
		E524B5E51B8E21B7008486C0 /* AVEncoder.mm in Sources */ = {isa = PBXBuildFile; fileRef = E524B5A51B8E21B7008486C0 /* AVEncoder.mm */; };
		E524B5E61B8E21B7008486C0 /* KFH264Encoder.mm in Sources */ = {isa = PBXBuildFile; fileRef = E524B5A71B8E21B7008486C0 /* KFH264Encoder.mm */; };
		E524B5E71B8E21B7008486C0 /* MP4Atom.m in Sources */ = {isa = PBXBuildFile; fileRef = E524B5A91B8E21B7008486C0 /* MP4Atom.m */; };
		E524B5E81B8E21B7008486C0 /* NALUnit.cpp in Sources */ = {isa = PBXBuildFile; fileRef = E524B5AA1B8E21B7008486C0 /* NALUnit.cpp */; };
		E524B5E91B8E21B7008486C0 /* VideoEncoder.m in Sources */ = {isa = PBXBuildFile; fileRef = E524B5AD1B8E21B7008486C0 /* VideoEncoder.m */; };
		E524B5EA1B8E21B7008486C0 /* KFVideoEncoder.m in Sources */ = {isa = PBXBuildFile; fileRef = E524B5AF1B8E21B7008486C0 /* KFVideoEncoder.m */; };
		E524B5EB1B8E21B7008486C0 /* KFVideoFrame.m in Sources */ = {isa = PBXBuildFile; fileRef = E524B5B11B8E21B7008486C0 /* KFVideoFrame.m */; };
		E524B5EC1B8E21B7008486C0 /* KFRecorder.m in Sources */ = {isa = PBXBuildFile; fileRef = E524B5B41B8E21B7008486C0 /* KFRecorder.m */; };
		E524B5ED1B8E21B7008486C0 /* AmpKeys.m in Sources */ = {isa = PBXBuildFile; fileRef = E524B5B61B8E21B7008486C0 /* AmpKeys.m */; };
		E524B5EE1B8E21B7008486C0 /* KFDirectoryWatcher.m in Sources */ = {isa = PBXBuildFile; fileRef = E524B5BB1B8E21B7008486C0 /* KFDirectoryWatcher.m */; };
		E524B5EF1B8E21B7008486C0 /* KFHLSManifestGenerator.m in Sources */ = {isa = PBXBuildFile; fileRef = E524B5BD1B8E21B7008486C0 /* KFHLSManifestGenerator.m */; };
		E524B5F01B8E21B7008486C0 /* KFHLSMonitor.m in Sources */ = {isa = PBXBuildFile; fileRef = E524B5BF1B8E21B7008486C0 /* KFHLSMonitor.m */; };
		E524B5F11B8E21B7008486C0 /* KFHLSUploader.m in Sources */ = {isa = PBXBuildFile; fileRef = E524B5C11B8E21B7008486C0 /* KFHLSUploader.m */; };
		E524B5F21B8E21B7008486C0 /* KFHLSWriter.m in Sources */ = {isa = PBXBuildFile; fileRef = E524B5C31B8E21B7008486C0 /* KFHLSWriter.m */; };
		E524B5FB1B8E21B7008486C0 /* KFDateUtils.m in Sources */ = {isa = PBXBuildFile; fileRef = E524B5D01B8E21B7008486C0 /* KFDateUtils.m */; };
		E524B5FC1B8E21B7008486C0 /* KFBroadcastViewController.m in Sources */ = {isa = PBXBuildFile; fileRef = E524B5D41B8E21B7008486C0 /* KFBroadcastViewController.m */; };
		E524B5FD1B8E21B7008486C0 /* KFLiveBannerView.m in Sources */ = {isa = PBXBuildFile; fileRef = E524B5D61B8E21B7008486C0 /* KFLiveBannerView.m */; };
		E524B5FE1B8E21B7008486C0 /* KFRecordButton.m in Sources */ = {isa = PBXBuildFile; fileRef = E524B5D81B8E21B7008486C0 /* KFRecordButton.m */; };
		E52B46EF1B94968400A75783 /* mainStory.storyboard in Resources */ = {isa = PBXBuildFile; fileRef = E52B46EE1B94968400A75783 /* mainStory.storyboard */; };
		E52B46F51B94976300A75783 /* AmpStartVC.m in Sources */ = {isa = PBXBuildFile; fileRef = E52B46F41B94976300A75783 /* AmpStartVC.m */; };
		E52B46F81B9497C300A75783 /* AmpTabBarController.m in Sources */ = {isa = PBXBuildFile; fileRef = E52B46F71B9497C300A75783 /* AmpTabBarController.m */; };
		E52B472F1B94A55B00A75783 /* LaunchScreen.xib in Resources */ = {isa = PBXBuildFile; fileRef = E52B472E1B94A55B00A75783 /* LaunchScreen.xib */; };
		E52B474C1B9DF4CE00A75783 /* KFPaginationInfo.m in Sources */ = {isa = PBXBuildFile; fileRef = E52B47421B9DF4CE00A75783 /* KFPaginationInfo.m */; };
		E52B474D1B9DF4CE00A75783 /* KFRTMPStream.m in Sources */ = {isa = PBXBuildFile; fileRef = E52B47441B9DF4CE00A75783 /* KFRTMPStream.m */; };
		E52B474E1B9DF4CE00A75783 /* KFS3Stream.m in Sources */ = {isa = PBXBuildFile; fileRef = E52B47461B9DF4CE00A75783 /* KFS3Stream.m */; };
		E52B474F1B9DF4CE00A75783 /* KFStream.m in Sources */ = {isa = PBXBuildFile; fileRef = E52B47481B9DF4CE00A75783 /* KFStream.m */; };
		E52B47501B9DF4CE00A75783 /* KFUser.m in Sources */ = {isa = PBXBuildFile; fileRef = E52B474A1B9DF4CE00A75783 /* KFUser.m */; };
		E5FC40251B90DA1500DA3966 /* NSString+MD5.m in Sources */ = {isa = PBXBuildFile; fileRef = E5FC40241B90DA1500DA3966 /* NSString+MD5.m */; };
/* End PBXBuildFile section */

/* Begin PBXFileReference section */
		1491D2D979AA56461FB4ECBB /* Pods.release.xcconfig */ = {isa = PBXFileReference; includeInIndex = 1; lastKnownFileType = text.xcconfig; name = Pods.release.xcconfig; path = "Pods/Target Support Files/Pods/Pods.release.xcconfig"; sourceTree = "<group>"; };
		D5C3B6210219445A92F3D20B /* libPods.a */ = {isa = PBXFileReference; explicitFileType = archive.ar; includeInIndex = 0; path = libPods.a; sourceTree = BUILT_PRODUCTS_DIR; };
		D824578567D5C73BC350F434 /* Pods.debug.xcconfig */ = {isa = PBXFileReference; includeInIndex = 1; lastKnownFileType = text.xcconfig; name = Pods.debug.xcconfig; path = "Pods/Target Support Files/Pods/Pods.debug.xcconfig"; sourceTree = "<group>"; };
		D925AD7A1A3FD1D7001A1C58 /* Pods-acknowledgements.plist */ = {isa = PBXFileReference; fileEncoding = 4; lastKnownFileType = text.plist.xml; name = "Pods-acknowledgements.plist"; path = "Pods/Target Support Files/Pods/Pods-acknowledgements.plist"; sourceTree = SOURCE_ROOT; };
		D945ADA3189853A80026F697 /* amplfy.app */ = {isa = PBXFileReference; explicitFileType = wrapper.application; includeInIndex = 0; path = amplfy.app; sourceTree = BUILT_PRODUCTS_DIR; };
		D945ADA5189853A80026F697 /* CoreGraphics.framework */ = {isa = PBXFileReference; lastKnownFileType = wrapper.framework; name = CoreGraphics.framework; path = System/Library/Frameworks/CoreGraphics.framework; sourceTree = SDKROOT; };
		D945ADD0189854000026F697 /* en */ = {isa = PBXFileReference; lastKnownFileType = text.plist.strings; name = en; path = en.lproj/InfoPlist.strings; sourceTree = "<group>"; };
		D945ADD1189854000026F697 /* Images.xcassets */ = {isa = PBXFileReference; lastKnownFileType = folder.assetcatalog; path = Images.xcassets; sourceTree = "<group>"; };
		D945ADD2189854000026F697 /* KFAppDelegate.h */ = {isa = PBXFileReference; fileEncoding = 4; lastKnownFileType = sourcecode.c.h; path = KFAppDelegate.h; sourceTree = "<group>"; };
		D945ADD3189854000026F697 /* KFAppDelegate.m */ = {isa = PBXFileReference; fileEncoding = 4; lastKnownFileType = sourcecode.c.objc; path = KFAppDelegate.m; sourceTree = "<group>"; };
		D945ADD4189854000026F697 /* amplfy-Info.plist */ = {isa = PBXFileReference; fileEncoding = 4; lastKnownFileType = text.plist.xml; path = "amplfy-Info.plist"; sourceTree = "<group>"; };
		D945ADD5189854000026F697 /* amplfy-Prefix.pch */ = {isa = PBXFileReference; fileEncoding = 4; lastKnownFileType = sourcecode.c.h; path = "amplfy-Prefix.pch"; sourceTree = "<group>"; };
		D945ADD6189854000026F697 /* main.m */ = {isa = PBXFileReference; fileEncoding = 4; lastKnownFileType = sourcecode.c.objc; path = main.m; sourceTree = "<group>"; };
		D945AF3F1898635A0026F697 /* KFDemoViewController.h */ = {isa = PBXFileReference; fileEncoding = 4; lastKnownFileType = sourcecode.c.h; path = KFDemoViewController.h; sourceTree = "<group>"; };
		D945AF401898635A0026F697 /* KFDemoViewController.m */ = {isa = PBXFileReference; fileEncoding = 4; lastKnownFileType = sourcecode.c.objc; path = KFDemoViewController.m; sourceTree = "<group>"; };
		D945AF531898722B0026F697 /* AVFoundation.framework */ = {isa = PBXFileReference; lastKnownFileType = wrapper.framework; name = AVFoundation.framework; path = System/Library/Frameworks/AVFoundation.framework; sourceTree = SDKROOT; };
		D945AF5F1898729F0026F697 /* CoreMedia.framework */ = {isa = PBXFileReference; lastKnownFileType = wrapper.framework; name = CoreMedia.framework; path = System/Library/Frameworks/CoreMedia.framework; sourceTree = SDKROOT; };
		D945AF61189872A80026F697 /* CoreAudio.framework */ = {isa = PBXFileReference; lastKnownFileType = wrapper.framework; name = CoreAudio.framework; path = System/Library/Frameworks/CoreAudio.framework; sourceTree = SDKROOT; };
		D945AF63189872C60026F697 /* AudioToolbox.framework */ = {isa = PBXFileReference; lastKnownFileType = wrapper.framework; name = AudioToolbox.framework; path = System/Library/Frameworks/AudioToolbox.framework; sourceTree = SDKROOT; };
		D945AF67189873900026F697 /* libc++.dylib */ = {isa = PBXFileReference; lastKnownFileType = "compiled.mach-o.dylib"; name = "libc++.dylib"; path = "usr/lib/libc++.dylib"; sourceTree = SDKROOT; };
		D945AF6A189874AB0026F697 /* SystemConfiguration.framework */ = {isa = PBXFileReference; lastKnownFileType = wrapper.framework; name = SystemConfiguration.framework; path = System/Library/Frameworks/SystemConfiguration.framework; sourceTree = SDKROOT; };
		D945AF6D189874C70026F697 /* MobileCoreServices.framework */ = {isa = PBXFileReference; lastKnownFileType = wrapper.framework; name = MobileCoreServices.framework; path = System/Library/Frameworks/MobileCoreServices.framework; sourceTree = SDKROOT; };
		D99912CE18984D3F00BFCBA4 /* Foundation.framework */ = {isa = PBXFileReference; lastKnownFileType = wrapper.framework; name = Foundation.framework; path = System/Library/Frameworks/Foundation.framework; sourceTree = SDKROOT; };
		D99912DC18984D3F00BFCBA4 /* XCTest.framework */ = {isa = PBXFileReference; lastKnownFileType = wrapper.framework; name = XCTest.framework; path = Library/Frameworks/XCTest.framework; sourceTree = DEVELOPER_DIR; };
		D9FFDAB6194BC7B300D76CFF /* KFConstants.h */ = {isa = PBXFileReference; fileEncoding = 4; lastKnownFileType = sourcecode.c.h; path = KFConstants.h; sourceTree = "<group>"; };
		D9FFDAB7194BC7B300D76CFF /* KFConstants.m */ = {isa = PBXFileReference; fileEncoding = 4; lastKnownFileType = sourcecode.c.objc; path = KFConstants.m; sourceTree = "<group>"; };
		E524B59A1B8E21B7008486C0 /* KFAACEncoder.h */ = {isa = PBXFileReference; fileEncoding = 4; lastKnownFileType = sourcecode.c.h; path = KFAACEncoder.h; sourceTree = "<group>"; };
		E524B59B1B8E21B7008486C0 /* KFAACEncoder.m */ = {isa = PBXFileReference; fileEncoding = 4; lastKnownFileType = sourcecode.c.objc; path = KFAACEncoder.m; sourceTree = "<group>"; };
		E524B59C1B8E21B7008486C0 /* KFAudioEncoder.h */ = {isa = PBXFileReference; fileEncoding = 4; lastKnownFileType = sourcecode.c.h; path = KFAudioEncoder.h; sourceTree = "<group>"; };
		E524B59D1B8E21B7008486C0 /* KFAudioEncoder.m */ = {isa = PBXFileReference; fileEncoding = 4; lastKnownFileType = sourcecode.c.objc; path = KFAudioEncoder.m; sourceTree = "<group>"; };
		E524B59E1B8E21B7008486C0 /* KFEncoder.h */ = {isa = PBXFileReference; fileEncoding = 4; lastKnownFileType = sourcecode.c.h; path = KFEncoder.h; sourceTree = "<group>"; };
		E524B59F1B8E21B7008486C0 /* KFEncoder.m */ = {isa = PBXFileReference; fileEncoding = 4; lastKnownFileType = sourcecode.c.objc; path = KFEncoder.m; sourceTree = "<group>"; };
		E524B5A01B8E21B7008486C0 /* KFFrame.h */ = {isa = PBXFileReference; fileEncoding = 4; lastKnownFileType = sourcecode.c.h; path = KFFrame.h; sourceTree = "<group>"; };
		E524B5A11B8E21B7008486C0 /* KFFrame.m */ = {isa = PBXFileReference; fileEncoding = 4; lastKnownFileType = sourcecode.c.objc; path = KFFrame.m; sourceTree = "<group>"; };
		E524B5A41B8E21B7008486C0 /* AVEncoder.h */ = {isa = PBXFileReference; fileEncoding = 4; lastKnownFileType = sourcecode.c.h; path = AVEncoder.h; sourceTree = "<group>"; };
		E524B5A51B8E21B7008486C0 /* AVEncoder.mm */ = {isa = PBXFileReference; fileEncoding = 4; lastKnownFileType = sourcecode.cpp.objcpp; path = AVEncoder.mm; sourceTree = "<group>"; };
		E524B5A61B8E21B7008486C0 /* KFH264Encoder.h */ = {isa = PBXFileReference; fileEncoding = 4; lastKnownFileType = sourcecode.c.h; path = KFH264Encoder.h; sourceTree = "<group>"; };
		E524B5A71B8E21B7008486C0 /* KFH264Encoder.mm */ = {isa = PBXFileReference; fileEncoding = 4; lastKnownFileType = sourcecode.cpp.objcpp; path = KFH264Encoder.mm; sourceTree = "<group>"; };
		E524B5A81B8E21B7008486C0 /* MP4Atom.h */ = {isa = PBXFileReference; fileEncoding = 4; lastKnownFileType = sourcecode.c.h; path = MP4Atom.h; sourceTree = "<group>"; };
		E524B5A91B8E21B7008486C0 /* MP4Atom.m */ = {isa = PBXFileReference; fileEncoding = 4; lastKnownFileType = sourcecode.c.objc; path = MP4Atom.m; sourceTree = "<group>"; };
		E524B5AA1B8E21B7008486C0 /* NALUnit.cpp */ = {isa = PBXFileReference; fileEncoding = 4; lastKnownFileType = sourcecode.cpp.cpp; path = NALUnit.cpp; sourceTree = "<group>"; };
		E524B5AB1B8E21B7008486C0 /* NALUnit.h */ = {isa = PBXFileReference; fileEncoding = 4; lastKnownFileType = sourcecode.c.h; path = NALUnit.h; sourceTree = "<group>"; };
		E524B5AC1B8E21B7008486C0 /* VideoEncoder.h */ = {isa = PBXFileReference; fileEncoding = 4; lastKnownFileType = sourcecode.c.h; path = VideoEncoder.h; sourceTree = "<group>"; };
		E524B5AD1B8E21B7008486C0 /* VideoEncoder.m */ = {isa = PBXFileReference; fileEncoding = 4; lastKnownFileType = sourcecode.c.objc; path = VideoEncoder.m; sourceTree = "<group>"; };
		E524B5AE1B8E21B7008486C0 /* KFVideoEncoder.h */ = {isa = PBXFileReference; fileEncoding = 4; lastKnownFileType = sourcecode.c.h; path = KFVideoEncoder.h; sourceTree = "<group>"; };
		E524B5AF1B8E21B7008486C0 /* KFVideoEncoder.m */ = {isa = PBXFileReference; fileEncoding = 4; lastKnownFileType = sourcecode.c.objc; path = KFVideoEncoder.m; sourceTree = "<group>"; };
		E524B5B01B8E21B7008486C0 /* KFVideoFrame.h */ = {isa = PBXFileReference; fileEncoding = 4; lastKnownFileType = sourcecode.c.h; path = KFVideoFrame.h; sourceTree = "<group>"; };
		E524B5B11B8E21B7008486C0 /* KFVideoFrame.m */ = {isa = PBXFileReference; fileEncoding = 4; lastKnownFileType = sourcecode.c.objc; path = KFVideoFrame.m; sourceTree = "<group>"; };
		E524B5B31B8E21B7008486C0 /* KFRecorder.h */ = {isa = PBXFileReference; fileEncoding = 4; lastKnownFileType = sourcecode.c.h; path = KFRecorder.h; sourceTree = "<group>"; };
		E524B5B41B8E21B7008486C0 /* KFRecorder.m */ = {isa = PBXFileReference; fileEncoding = 4; lastKnownFileType = sourcecode.c.objc; path = KFRecorder.m; sourceTree = "<group>"; };
		E524B5B51B8E21B7008486C0 /* AmpKeys.h */ = {isa = PBXFileReference; fileEncoding = 4; lastKnownFileType = sourcecode.c.h; path = AmpKeys.h; sourceTree = "<group>"; };
		E524B5B61B8E21B7008486C0 /* AmpKeys.m */ = {isa = PBXFileReference; fileEncoding = 4; lastKnownFileType = sourcecode.c.objc; path = AmpKeys.m; sourceTree = "<group>"; };
		E524B5BA1B8E21B7008486C0 /* KFDirectoryWatcher.h */ = {isa = PBXFileReference; fileEncoding = 4; lastKnownFileType = sourcecode.c.h; path = KFDirectoryWatcher.h; sourceTree = "<group>"; };
		E524B5BB1B8E21B7008486C0 /* KFDirectoryWatcher.m */ = {isa = PBXFileReference; fileEncoding = 4; lastKnownFileType = sourcecode.c.objc; path = KFDirectoryWatcher.m; sourceTree = "<group>"; };
		E524B5BC1B8E21B7008486C0 /* KFHLSManifestGenerator.h */ = {isa = PBXFileReference; fileEncoding = 4; lastKnownFileType = sourcecode.c.h; path = KFHLSManifestGenerator.h; sourceTree = "<group>"; };
		E524B5BD1B8E21B7008486C0 /* KFHLSManifestGenerator.m */ = {isa = PBXFileReference; fileEncoding = 4; lastKnownFileType = sourcecode.c.objc; path = KFHLSManifestGenerator.m; sourceTree = "<group>"; };
		E524B5BE1B8E21B7008486C0 /* KFHLSMonitor.h */ = {isa = PBXFileReference; fileEncoding = 4; lastKnownFileType = sourcecode.c.h; path = KFHLSMonitor.h; sourceTree = "<group>"; };
		E524B5BF1B8E21B7008486C0 /* KFHLSMonitor.m */ = {isa = PBXFileReference; fileEncoding = 4; lastKnownFileType = sourcecode.c.objc; path = KFHLSMonitor.m; sourceTree = "<group>"; };
		E524B5C01B8E21B7008486C0 /* KFHLSUploader.h */ = {isa = PBXFileReference; fileEncoding = 4; lastKnownFileType = sourcecode.c.h; path = KFHLSUploader.h; sourceTree = "<group>"; };
		E524B5C11B8E21B7008486C0 /* KFHLSUploader.m */ = {isa = PBXFileReference; fileEncoding = 4; lastKnownFileType = sourcecode.c.objc; path = KFHLSUploader.m; sourceTree = "<group>"; };
		E524B5C21B8E21B7008486C0 /* KFHLSWriter.h */ = {isa = PBXFileReference; fileEncoding = 4; lastKnownFileType = sourcecode.c.h; path = KFHLSWriter.h; sourceTree = "<group>"; };
		E524B5C31B8E21B7008486C0 /* KFHLSWriter.m */ = {isa = PBXFileReference; fileEncoding = 4; lastKnownFileType = sourcecode.c.objc; path = KFHLSWriter.m; sourceTree = "<group>"; };
		E524B5CF1B8E21B7008486C0 /* KFDateUtils.h */ = {isa = PBXFileReference; fileEncoding = 4; lastKnownFileType = sourcecode.c.h; path = KFDateUtils.h; sourceTree = "<group>"; };
		E524B5D01B8E21B7008486C0 /* KFDateUtils.m */ = {isa = PBXFileReference; fileEncoding = 4; lastKnownFileType = sourcecode.c.objc; path = KFDateUtils.m; sourceTree = "<group>"; };
		E524B5D11B8E21B7008486C0 /* KFLog.h */ = {isa = PBXFileReference; fileEncoding = 4; lastKnownFileType = sourcecode.c.h; path = KFLog.h; sourceTree = "<group>"; };
		E524B5D31B8E21B7008486C0 /* KFBroadcastViewController.h */ = {isa = PBXFileReference; fileEncoding = 4; lastKnownFileType = sourcecode.c.h; path = KFBroadcastViewController.h; sourceTree = "<group>"; };
		E524B5D41B8E21B7008486C0 /* KFBroadcastViewController.m */ = {isa = PBXFileReference; fileEncoding = 4; lastKnownFileType = sourcecode.c.objc; path = KFBroadcastViewController.m; sourceTree = "<group>"; };
		E524B5D51B8E21B7008486C0 /* KFLiveBannerView.h */ = {isa = PBXFileReference; fileEncoding = 4; lastKnownFileType = sourcecode.c.h; path = KFLiveBannerView.h; sourceTree = "<group>"; };
		E524B5D61B8E21B7008486C0 /* KFLiveBannerView.m */ = {isa = PBXFileReference; fileEncoding = 4; lastKnownFileType = sourcecode.c.objc; path = KFLiveBannerView.m; sourceTree = "<group>"; };
		E524B5D71B8E21B7008486C0 /* KFRecordButton.h */ = {isa = PBXFileReference; fileEncoding = 4; lastKnownFileType = sourcecode.c.h; path = KFRecordButton.h; sourceTree = "<group>"; };
		E524B5D81B8E21B7008486C0 /* KFRecordButton.m */ = {isa = PBXFileReference; fileEncoding = 4; lastKnownFileType = sourcecode.c.objc; path = KFRecordButton.m; sourceTree = "<group>"; };
		E524B5D91B8E21B7008486C0 /* KFStreamTableViewCell.h */ = {isa = PBXFileReference; fileEncoding = 4; lastKnownFileType = sourcecode.c.h; path = KFStreamTableViewCell.h; sourceTree = "<group>"; };
		E524B5DA1B8E21B7008486C0 /* KFStreamTableViewCell.m */ = {isa = PBXFileReference; fileEncoding = 4; lastKnownFileType = sourcecode.c.objc; path = KFStreamTableViewCell.m; sourceTree = "<group>"; };
		E52B46EE1B94968400A75783 /* mainStory.storyboard */ = {isa = PBXFileReference; fileEncoding = 4; lastKnownFileType = file.storyboard; path = mainStory.storyboard; sourceTree = "<group>"; };
		E52B46F31B94976300A75783 /* AmpStartVC.h */ = {isa = PBXFileReference; fileEncoding = 4; lastKnownFileType = sourcecode.c.h; path = AmpStartVC.h; sourceTree = "<group>"; };
		E52B46F41B94976300A75783 /* AmpStartVC.m */ = {isa = PBXFileReference; fileEncoding = 4; lastKnownFileType = sourcecode.c.objc; path = AmpStartVC.m; sourceTree = "<group>"; };
		E52B46F61B9497C300A75783 /* AmpTabBarController.h */ = {isa = PBXFileReference; fileEncoding = 4; lastKnownFileType = sourcecode.c.h; path = AmpTabBarController.h; sourceTree = "<group>"; };
		E52B46F71B9497C300A75783 /* AmpTabBarController.m */ = {isa = PBXFileReference; fileEncoding = 4; lastKnownFileType = sourcecode.c.objc; path = AmpTabBarController.m; sourceTree = "<group>"; };
		E52B472E1B94A55B00A75783 /* LaunchScreen.xib */ = {isa = PBXFileReference; fileEncoding = 4; lastKnownFileType = file.xib; path = LaunchScreen.xib; sourceTree = "<group>"; };
		E52B473F1B9DF4CE00A75783 /* KFAPIClient.h */ = {isa = PBXFileReference; fileEncoding = 4; lastKnownFileType = sourcecode.c.h; path = KFAPIClient.h; sourceTree = "<group>"; };
		E52B47401B9DF4CE00A75783 /* KFAPIClient.m */ = {isa = PBXFileReference; fileEncoding = 4; lastKnownFileType = sourcecode.c.objc; path = KFAPIClient.m; sourceTree = "<group>"; };
		E52B47411B9DF4CE00A75783 /* KFPaginationInfo.h */ = {isa = PBXFileReference; fileEncoding = 4; lastKnownFileType = sourcecode.c.h; path = KFPaginationInfo.h; sourceTree = "<group>"; };
		E52B47421B9DF4CE00A75783 /* KFPaginationInfo.m */ = {isa = PBXFileReference; fileEncoding = 4; lastKnownFileType = sourcecode.c.objc; path = KFPaginationInfo.m; sourceTree = "<group>"; };
		E52B47431B9DF4CE00A75783 /* KFRTMPStream.h */ = {isa = PBXFileReference; fileEncoding = 4; lastKnownFileType = sourcecode.c.h; path = KFRTMPStream.h; sourceTree = "<group>"; };
		E52B47441B9DF4CE00A75783 /* KFRTMPStream.m */ = {isa = PBXFileReference; fileEncoding = 4; lastKnownFileType = sourcecode.c.objc; path = KFRTMPStream.m; sourceTree = "<group>"; };
		E52B47451B9DF4CE00A75783 /* KFS3Stream.h */ = {isa = PBXFileReference; fileEncoding = 4; lastKnownFileType = sourcecode.c.h; path = KFS3Stream.h; sourceTree = "<group>"; };
		E52B47461B9DF4CE00A75783 /* KFS3Stream.m */ = {isa = PBXFileReference; fileEncoding = 4; lastKnownFileType = sourcecode.c.objc; path = KFS3Stream.m; sourceTree = "<group>"; };
		E52B47471B9DF4CE00A75783 /* KFStream.h */ = {isa = PBXFileReference; fileEncoding = 4; lastKnownFileType = sourcecode.c.h; path = KFStream.h; sourceTree = "<group>"; };
		E52B47481B9DF4CE00A75783 /* KFStream.m */ = {isa = PBXFileReference; fileEncoding = 4; lastKnownFileType = sourcecode.c.objc; path = KFStream.m; sourceTree = "<group>"; };
		E52B47491B9DF4CE00A75783 /* KFUser.h */ = {isa = PBXFileReference; fileEncoding = 4; lastKnownFileType = sourcecode.c.h; path = KFUser.h; sourceTree = "<group>"; };
		E52B474A1B9DF4CE00A75783 /* KFUser.m */ = {isa = PBXFileReference; fileEncoding = 4; lastKnownFileType = sourcecode.c.objc; path = KFUser.m; sourceTree = "<group>"; };
		E58858B31B8BA8CF00958D7A /* KFSecrets.h */ = {isa = PBXFileReference; fileEncoding = 4; lastKnownFileType = sourcecode.c.h; path = KFSecrets.h; sourceTree = "<group>"; };
		E5FC40231B90DA1500DA3966 /* NSString+MD5.h */ = {isa = PBXFileReference; fileEncoding = 4; lastKnownFileType = sourcecode.c.h; path = "NSString+MD5.h"; sourceTree = "<group>"; };
		E5FC40241B90DA1500DA3966 /* NSString+MD5.m */ = {isa = PBXFileReference; fileEncoding = 4; lastKnownFileType = sourcecode.c.objc; path = "NSString+MD5.m"; sourceTree = "<group>"; };
/* End PBXFileReference section */

/* Begin PBXFrameworksBuildPhase section */
		D945ADA0189853A80026F697 /* Frameworks */ = {
			isa = PBXFrameworksBuildPhase;
			buildActionMask = 2147483647;
			files = (
				D945AF6E189874C80026F697 /* MobileCoreServices.framework in Frameworks */,
				D945AF6C189874B80026F697 /* SystemConfiguration.framework in Frameworks */,
				D945AF68189873900026F697 /* libc++.dylib in Frameworks */,
				D945AF64189872C60026F697 /* AudioToolbox.framework in Frameworks */,
				D945AF62189872A80026F697 /* CoreAudio.framework in Frameworks */,
				D945AF601898729F0026F697 /* CoreMedia.framework in Frameworks */,
				D945ADA6189853A80026F697 /* CoreGraphics.framework in Frameworks */,
				D945AF571898724A0026F697 /* AVFoundation.framework in Frameworks */,
				D945ADA4189853A80026F697 /* Foundation.framework in Frameworks */,
				4BA8413B7CA949B0A7A2AF9F /* libPods.a in Frameworks */,
			);
			runOnlyForDeploymentPostprocessing = 0;
		};
/* End PBXFrameworksBuildPhase section */

/* Begin PBXGroup section */
		D945ADCE189854000026F697 /* flow */ = {
			isa = PBXGroup;
			children = (
				E52B46EE1B94968400A75783 /* mainStory.storyboard */,
				E52B472E1B94A55B00A75783 /* LaunchScreen.xib */,
				E52B46F31B94976300A75783 /* AmpStartVC.h */,
				E52B46F41B94976300A75783 /* AmpStartVC.m */,
				E52B46F61B9497C300A75783 /* AmpTabBarController.h */,
				E52B46F71B9497C300A75783 /* AmpTabBarController.m */,
				D945ADCF189854000026F697 /* InfoPlist.strings */,
				D945ADD1189854000026F697 /* Images.xcassets */,
				E58858B31B8BA8CF00958D7A /* KFSecrets.h */,
				D9FFDAB6194BC7B300D76CFF /* KFConstants.h */,
				D9FFDAB7194BC7B300D76CFF /* KFConstants.m */,
				D945ADD2189854000026F697 /* KFAppDelegate.h */,
				D945ADD3189854000026F697 /* KFAppDelegate.m */,
				D945AF3F1898635A0026F697 /* KFDemoViewController.h */,
				D945AF401898635A0026F697 /* KFDemoViewController.m */,
				D925AD7A1A3FD1D7001A1C58 /* Pods-acknowledgements.plist */,
				D945ADD4189854000026F697 /* amplfy-Info.plist */,
				D945ADD5189854000026F697 /* amplfy-Prefix.pch */,
				D945ADD6189854000026F697 /* main.m */,
				E5FC40231B90DA1500DA3966 /* NSString+MD5.h */,
				E5FC40241B90DA1500DA3966 /* NSString+MD5.m */,
			);
			name = flow;
			path = Example;
			sourceTree = "<group>";
		};
		D99912C218984D3F00BFCBA4 = {
			isa = PBXGroup;
			children = (
				D945ADCE189854000026F697 /* flow */,
				E524B5891B8E21B7008486C0 /* Amplfy */,
				D99912CD18984D3F00BFCBA4 /* Frameworks */,
				D99912CC18984D3F00BFCBA4 /* Products */,
				ED4123747B51A1D2587A7240 /* Pods */,
			);
			sourceTree = "<group>";
		};
		D99912CC18984D3F00BFCBA4 /* Products */ = {
			isa = PBXGroup;
			children = (
				D945ADA3189853A80026F697 /* amplfy.app */,
			);
			name = Products;
			sourceTree = "<group>";
		};
		D99912CD18984D3F00BFCBA4 /* Frameworks */ = {
			isa = PBXGroup;
			children = (
				D945AF6D189874C70026F697 /* MobileCoreServices.framework */,
				D945AF6A189874AB0026F697 /* SystemConfiguration.framework */,
				D945AF67189873900026F697 /* libc++.dylib */,
				D945AF63189872C60026F697 /* AudioToolbox.framework */,
				D945AF61189872A80026F697 /* CoreAudio.framework */,
				D945AF5F1898729F0026F697 /* CoreMedia.framework */,
				D945AF531898722B0026F697 /* AVFoundation.framework */,
				D99912CE18984D3F00BFCBA4 /* Foundation.framework */,
				D99912DC18984D3F00BFCBA4 /* XCTest.framework */,
				D945ADA5189853A80026F697 /* CoreGraphics.framework */,
				D5C3B6210219445A92F3D20B /* libPods.a */,
			);
			name = Frameworks;
			sourceTree = "<group>";
		};
		E524B5891B8E21B7008486C0 /* Amplfy */ = {
			isa = PBXGroup;
			children = (
				E52B473E1B9DF4CE00A75783 /* API */,
				E524B5971B8E21B7008486C0 /* Codecs */,
				E524B5B21B8E21B7008486C0 /* Inputs */,
				E524B5B51B8E21B7008486C0 /* AmpKeys.h */,
				E524B5B61B8E21B7008486C0 /* AmpKeys.m */,
				E524B5B71B8E21B7008486C0 /* Outputs */,
				E524B5CC1B8E21B7008486C0 /* Utilities */,
				E524B5D21B8E21B7008486C0 /* Views */,
			);
			name = Amplfy;
			path = "../kickflip-sdk/kickflip-ios-sdk/Kickflip";
			sourceTree = "<group>";
		};
		E524B5971B8E21B7008486C0 /* Codecs */ = {
			isa = PBXGroup;
			children = (
				E524B5981B8E21B7008486C0 /* Audio */,
				E524B59E1B8E21B7008486C0 /* KFEncoder.h */,
				E524B59F1B8E21B7008486C0 /* KFEncoder.m */,
				E524B5A01B8E21B7008486C0 /* KFFrame.h */,
				E524B5A11B8E21B7008486C0 /* KFFrame.m */,
				E524B5A21B8E21B7008486C0 /* Video */,
			);
			path = Codecs;
			sourceTree = "<group>";
		};
		E524B5981B8E21B7008486C0 /* Audio */ = {
			isa = PBXGroup;
			children = (
				E524B5991B8E21B7008486C0 /* AAC */,
				E524B59C1B8E21B7008486C0 /* KFAudioEncoder.h */,
				E524B59D1B8E21B7008486C0 /* KFAudioEncoder.m */,
			);
			path = Audio;
			sourceTree = "<group>";
		};
		E524B5991B8E21B7008486C0 /* AAC */ = {
			isa = PBXGroup;
			children = (
				E524B59A1B8E21B7008486C0 /* KFAACEncoder.h */,
				E524B59B1B8E21B7008486C0 /* KFAACEncoder.m */,
			);
			path = AAC;
			sourceTree = "<group>";
		};
		E524B5A21B8E21B7008486C0 /* Video */ = {
			isa = PBXGroup;
			children = (
				E524B5A31B8E21B7008486C0 /* H264 */,
				E524B5AE1B8E21B7008486C0 /* KFVideoEncoder.h */,
				E524B5AF1B8E21B7008486C0 /* KFVideoEncoder.m */,
				E524B5B01B8E21B7008486C0 /* KFVideoFrame.h */,
				E524B5B11B8E21B7008486C0 /* KFVideoFrame.m */,
			);
			path = Video;
			sourceTree = "<group>";
		};
		E524B5A31B8E21B7008486C0 /* H264 */ = {
			isa = PBXGroup;
			children = (
				E524B5A41B8E21B7008486C0 /* AVEncoder.h */,
				E524B5A51B8E21B7008486C0 /* AVEncoder.mm */,
				E524B5A61B8E21B7008486C0 /* KFH264Encoder.h */,
				E524B5A71B8E21B7008486C0 /* KFH264Encoder.mm */,
				E524B5A81B8E21B7008486C0 /* MP4Atom.h */,
				E524B5A91B8E21B7008486C0 /* MP4Atom.m */,
				E524B5AA1B8E21B7008486C0 /* NALUnit.cpp */,
				E524B5AB1B8E21B7008486C0 /* NALUnit.h */,
				E524B5AC1B8E21B7008486C0 /* VideoEncoder.h */,
				E524B5AD1B8E21B7008486C0 /* VideoEncoder.m */,
			);
			path = H264;
			sourceTree = "<group>";
		};
		E524B5B21B8E21B7008486C0 /* Inputs */ = {
			isa = PBXGroup;
			children = (
				E524B5B31B8E21B7008486C0 /* KFRecorder.h */,
				E524B5B41B8E21B7008486C0 /* KFRecorder.m */,
			);
			path = Inputs;
			sourceTree = "<group>";
		};
		E524B5B71B8E21B7008486C0 /* Outputs */ = {
			isa = PBXGroup;
			children = (
				E524B5B81B8E21B7008486C0 /* Muxers */,
			);
			path = Outputs;
			sourceTree = "<group>";
		};
		E524B5B81B8E21B7008486C0 /* Muxers */ = {
			isa = PBXGroup;
			children = (
				E524B5B91B8E21B7008486C0 /* HLS */,
			);
			path = Muxers;
			sourceTree = "<group>";
		};
		E524B5B91B8E21B7008486C0 /* HLS */ = {
			isa = PBXGroup;
			children = (
				E524B5BA1B8E21B7008486C0 /* KFDirectoryWatcher.h */,
				E524B5BB1B8E21B7008486C0 /* KFDirectoryWatcher.m */,
				E524B5BC1B8E21B7008486C0 /* KFHLSManifestGenerator.h */,
				E524B5BD1B8E21B7008486C0 /* KFHLSManifestGenerator.m */,
				E524B5BE1B8E21B7008486C0 /* KFHLSMonitor.h */,
				E524B5BF1B8E21B7008486C0 /* KFHLSMonitor.m */,
				E524B5C01B8E21B7008486C0 /* KFHLSUploader.h */,
				E524B5C11B8E21B7008486C0 /* KFHLSUploader.m */,
				E524B5C21B8E21B7008486C0 /* KFHLSWriter.h */,
				E524B5C31B8E21B7008486C0 /* KFHLSWriter.m */,
			);
			path = HLS;
			sourceTree = "<group>";
		};
		E524B5CC1B8E21B7008486C0 /* Utilities */ = {
			isa = PBXGroup;
			children = (
				E524B5CF1B8E21B7008486C0 /* KFDateUtils.h */,
				E524B5D01B8E21B7008486C0 /* KFDateUtils.m */,
				E524B5D11B8E21B7008486C0 /* KFLog.h */,
			);
			path = Utilities;
			sourceTree = "<group>";
		};
		E524B5D21B8E21B7008486C0 /* Views */ = {
			isa = PBXGroup;
			children = (
				E524B5D31B8E21B7008486C0 /* KFBroadcastViewController.h */,
				E524B5D41B8E21B7008486C0 /* KFBroadcastViewController.m */,
				E524B5D51B8E21B7008486C0 /* KFLiveBannerView.h */,
				E524B5D61B8E21B7008486C0 /* KFLiveBannerView.m */,
				E524B5D71B8E21B7008486C0 /* KFRecordButton.h */,
				E524B5D81B8E21B7008486C0 /* KFRecordButton.m */,
				E524B5D91B8E21B7008486C0 /* KFStreamTableViewCell.h */,
				E524B5DA1B8E21B7008486C0 /* KFStreamTableViewCell.m */,
			);
			path = Views;
			sourceTree = "<group>";
		};
		E52B473E1B9DF4CE00A75783 /* API */ = {
			isa = PBXGroup;
			children = (
				E52B473F1B9DF4CE00A75783 /* KFAPIClient.h */,
				E52B47401B9DF4CE00A75783 /* KFAPIClient.m */,
				E52B47411B9DF4CE00A75783 /* KFPaginationInfo.h */,
				E52B47421B9DF4CE00A75783 /* KFPaginationInfo.m */,
				E52B47431B9DF4CE00A75783 /* KFRTMPStream.h */,
				E52B47441B9DF4CE00A75783 /* KFRTMPStream.m */,
				E52B47451B9DF4CE00A75783 /* KFS3Stream.h */,
				E52B47461B9DF4CE00A75783 /* KFS3Stream.m */,
				E52B47471B9DF4CE00A75783 /* KFStream.h */,
				E52B47481B9DF4CE00A75783 /* KFStream.m */,
				E52B47491B9DF4CE00A75783 /* KFUser.h */,
				E52B474A1B9DF4CE00A75783 /* KFUser.m */,
			);
			path = API;
			sourceTree = "<group>";
		};
		ED4123747B51A1D2587A7240 /* Pods */ = {
			isa = PBXGroup;
			children = (
				D824578567D5C73BC350F434 /* Pods.debug.xcconfig */,
				1491D2D979AA56461FB4ECBB /* Pods.release.xcconfig */,
			);
			name = Pods;
			sourceTree = "<group>";
		};
/* End PBXGroup section */

/* Begin PBXNativeTarget section */
		D945ADA2189853A80026F697 /* amplfy */ = {
			isa = PBXNativeTarget;
			buildConfigurationList = D945ADC8189853A90026F697 /* Build configuration list for PBXNativeTarget "amplfy" */;
			buildPhases = (
				FD523A8DB5414023AF7AF9A6 /* Check Pods Manifest.lock */,
				D945AD9F189853A80026F697 /* Sources */,
				D945ADA0189853A80026F697 /* Frameworks */,
				D945ADA1189853A80026F697 /* Resources */,
				ED2B2FA4594E4D2FB926AF71 /* Copy Pods Resources */,
				E5FC3CFB1B8FB6FF000CBED0 /* ShellScript */,
			);
			buildRules = (
			);
			dependencies = (
			);
			name = amplfy;
			productName = KFDemo;
			productReference = D945ADA3189853A80026F697 /* amplfy.app */;
			productType = "com.apple.product-type.application";
		};
/* End PBXNativeTarget section */

/* Begin PBXProject section */
		D99912C318984D3F00BFCBA4 /* Project object */ = {
			isa = PBXProject;
			attributes = {
				LastUpgradeCheck = 0510;
				ORGANIZATIONNAME = Kickflip;
				TargetAttributes = {
					D945ADA2189853A80026F697 = {
						DevelopmentTeam = JJ2KCCE9WP;
					};
				};
			};
			buildConfigurationList = D99912C618984D3F00BFCBA4 /* Build configuration list for PBXProject "amplfy" */;
			compatibilityVersion = "Xcode 3.2";
			developmentRegion = English;
			hasScannedForEncodings = 0;
			knownRegions = (
				en,
			);
			mainGroup = D99912C218984D3F00BFCBA4;
			productRefGroup = D99912CC18984D3F00BFCBA4 /* Products */;
			projectDirPath = "";
			projectRoot = "";
			targets = (
				D945ADA2189853A80026F697 /* amplfy */,
				D9F50E0B18FC956700A71C1F /* Documentation */,
			);
		};
/* End PBXProject section */

/* Begin PBXResourcesBuildPhase section */
		D945ADA1189853A80026F697 /* Resources */ = {
			isa = PBXResourcesBuildPhase;
			buildActionMask = 2147483647;
			files = (
				E52B472F1B94A55B00A75783 /* LaunchScreen.xib in Resources */,
				D945ADD7189854000026F697 /* InfoPlist.strings in Resources */,
				E52B46EF1B94968400A75783 /* mainStory.storyboard in Resources */,
				D945ADD8189854000026F697 /* Images.xcassets in Resources */,
				D925AD7B1A3FD1D7001A1C58 /* Pods-acknowledgements.plist in Resources */,
			);
			runOnlyForDeploymentPostprocessing = 0;
		};
/* End PBXResourcesBuildPhase section */

/* Begin PBXShellScriptBuildPhase section */
		D9F50E0F18FC956F00A71C1F /* ShellScript */ = {
			isa = PBXShellScriptBuildPhase;
			buildActionMask = 2147483647;
			files = (
			);
			inputPaths = (
			);
			outputPaths = (
			);
			runOnlyForDeploymentPostprocessing = 0;
			shellPath = /bin/sh;
			shellScript = "#appledoc Xcode script\n# Start constants\ncompany=\"Kickflip\";\ncompanyID=\"io.kickflip\";\ncompanyURL=\"https://kickflip.io\";\ntarget=\"iphoneos\";\n#target=\"macosx\";\noutputPath=\"${PROJECT_DIR}/Docs\";\n# End constants\n/usr/local/bin/appledoc \\\n--project-name \"${PROJECT_NAME}\" \\\n--project-company \"${company}\" \\\n--company-id \"${companyID}\" \\\n--docset-atom-filename \"${company}.atom\" \\\n--docset-feed-url \"${companyURL}/${company}/%DOCSETATOMFILENAME\" \\\n--docset-package-url \"${companyURL}/${company}/%DOCSETPACKAGEFILENAME\" \\\n--docset-fallback-url \"${companyURL}/${company}\" \\\n--output \"${outputPath}\" \\\n--publish-docset \\\n--docset-platform-family \"${target}\" \\\n--logformat xcode \\\n--keep-intermediate-files \\\n--no-repeat-first-par \\\n--no-warn-invalid-crossref \\\n--exit-threshold 2 \\\n--ignore \"*.m\" \\\n\"${PROJECT_DIR}/Submodules/kickflip-ios-sdk\"";
		};
		E5FC3CFB1B8FB6FF000CBED0 /* ShellScript */ = {
			isa = PBXShellScriptBuildPhase;
			buildActionMask = 2147483647;
			files = (
			);
			inputPaths = (
			);
			outputPaths = (
			);
			runOnlyForDeploymentPostprocessing = 0;
			shellPath = /bin/sh;
			shellScript = "\"${PODS_ROOT}/Fabric/Fabric.framework/run\" 91abafb657de9c0fd831b2c2581e897dc7367cda 69c2139c83c3c0a189c1dadf563688e9a48658d3b93edda536684a6f4ebd9930";
		};
		ED2B2FA4594E4D2FB926AF71 /* Copy Pods Resources */ = {
			isa = PBXShellScriptBuildPhase;
			buildActionMask = 2147483647;
			files = (
			);
			inputPaths = (
			);
			name = "Copy Pods Resources";
			outputPaths = (
			);
			runOnlyForDeploymentPostprocessing = 0;
			shellPath = /bin/sh;
			shellScript = "\"${SRCROOT}/Pods/Target Support Files/Pods/Pods-resources.sh\"\n";
			showEnvVarsInLog = 0;
		};
		FD523A8DB5414023AF7AF9A6 /* Check Pods Manifest.lock */ = {
			isa = PBXShellScriptBuildPhase;
			buildActionMask = 2147483647;
			files = (
			);
			inputPaths = (
			);
			name = "Check Pods Manifest.lock";
			outputPaths = (
			);
			runOnlyForDeploymentPostprocessing = 0;
			shellPath = /bin/sh;
			shellScript = "diff \"${PODS_ROOT}/../Podfile.lock\" \"${PODS_ROOT}/Manifest.lock\" > /dev/null\nif [[ $? != 0 ]] ; then\n    cat << EOM\nerror: The sandbox is not in sync with the Podfile.lock. Run 'pod install' or update your CocoaPods installation.\nEOM\n    exit 1\nfi\n";
			showEnvVarsInLog = 0;
		};
/* End PBXShellScriptBuildPhase section */

/* Begin PBXSourcesBuildPhase section */
		D945AD9F189853A80026F697 /* Sources */ = {
			isa = PBXSourcesBuildPhase;
			buildActionMask = 2147483647;
			files = (
				E524B5E81B8E21B7008486C0 /* NALUnit.cpp in Sources */,
				E524B5EA1B8E21B7008486C0 /* KFVideoEncoder.m in Sources */,
				E524B5EB1B8E21B7008486C0 /* KFVideoFrame.m in Sources */,
				E524B5E11B8E21B7008486C0 /* KFAACEncoder.m in Sources */,
				E52B46F81B9497C300A75783 /* AmpTabBarController.m in Sources */,
				E524B5ED1B8E21B7008486C0 /* AmpKeys.m in Sources */,
				D945ADDB189854000026F697 /* main.m in Sources */,
				E524B5E31B8E21B7008486C0 /* KFEncoder.m in Sources */,
				E52B474D1B9DF4CE00A75783 /* KFRTMPStream.m in Sources */,
				E52B474E1B9DF4CE00A75783 /* KFS3Stream.m in Sources */,
				E524B5E91B8E21B7008486C0 /* VideoEncoder.m in Sources */,
				E524B5E41B8E21B7008486C0 /* KFFrame.m in Sources */,
				E524B5F21B8E21B7008486C0 /* KFHLSWriter.m in Sources */,
				E52B47501B9DF4CE00A75783 /* KFUser.m in Sources */,
				E524B5EC1B8E21B7008486C0 /* KFRecorder.m in Sources */,
				D9FFDAB8194BC7B300D76CFF /* KFConstants.m in Sources */,
				D945AF411898635A0026F697 /* KFDemoViewController.m in Sources */,
				E524B5FC1B8E21B7008486C0 /* KFBroadcastViewController.m in Sources */,
				E524B5EF1B8E21B7008486C0 /* KFHLSManifestGenerator.m in Sources */,
				D945ADD9189854000026F697 /* KFAppDelegate.m in Sources */,
				E524B5E21B8E21B7008486C0 /* KFAudioEncoder.m in Sources */,
				E524B5FB1B8E21B7008486C0 /* KFDateUtils.m in Sources */,
				E52B474F1B9DF4CE00A75783 /* KFStream.m in Sources */,
				E524B5EE1B8E21B7008486C0 /* KFDirectoryWatcher.m in Sources */,
				E524B5E61B8E21B7008486C0 /* KFH264Encoder.mm in Sources */,
				E5FC40251B90DA1500DA3966 /* NSString+MD5.m in Sources */,
				E52B46F51B94976300A75783 /* AmpStartVC.m in Sources */,
				E524B5F01B8E21B7008486C0 /* KFHLSMonitor.m in Sources */,
				E52B474C1B9DF4CE00A75783 /* KFPaginationInfo.m in Sources */,
				E524B5FE1B8E21B7008486C0 /* KFRecordButton.m in Sources */,
				E524B5E71B8E21B7008486C0 /* MP4Atom.m in Sources */,
				E524B5F11B8E21B7008486C0 /* KFHLSUploader.m in Sources */,
				E524B5E51B8E21B7008486C0 /* AVEncoder.mm in Sources */,
				E524B5FD1B8E21B7008486C0 /* KFLiveBannerView.m in Sources */,
			);
			runOnlyForDeploymentPostprocessing = 0;
		};
/* End PBXSourcesBuildPhase section */

/* Begin PBXVariantGroup section */
		D945ADCF189854000026F697 /* InfoPlist.strings */ = {
			isa = PBXVariantGroup;
			children = (
				D945ADD0189854000026F697 /* en */,
			);
			name = InfoPlist.strings;
			sourceTree = "<group>";
		};
/* End PBXVariantGroup section */

/* Begin XCBuildConfiguration section */
		D945ADC9189853A90026F697 /* Debug */ = {
			isa = XCBuildConfiguration;
			baseConfigurationReference = D824578567D5C73BC350F434 /* Pods.debug.xcconfig */;
			buildSettings = {
				ASSETCATALOG_COMPILER_APPICON_NAME = AppIcon;
				ASSETCATALOG_COMPILER_LAUNCHIMAGE_NAME = LaunchImage;
				CLANG_ENABLE_MODULES = YES;
				CODE_SIGN_IDENTITY = "iPhone Developer";
				"CODE_SIGN_IDENTITY[sdk=iphoneos*]" = "iPhone Developer";
				FRAMEWORK_SEARCH_PATHS = (
					"$(inherited)",
					"$(DEVELOPER_FRAMEWORKS_DIR)",
					"$(PROJECT_DIR)",
				);
				GCC_PRECOMPILE_PREFIX_HEADER = YES;
				GCC_PREFIX_HEADER = "Example/amplfy-Prefix.pch";
				GCC_PREPROCESSOR_DEFINITIONS = (
					"DEBUG=1",
					"$(inherited)",
				);
				INFOPLIST_FILE = "Example/amplfy-Info.plist";
				IPHONEOS_DEPLOYMENT_TARGET = 8.0;
				LD_RUNPATH_SEARCH_PATHS = "$(inherited) @executable_path/Frameworks";
				PRODUCT_NAME = amplfy;
				PROVISIONING_PROFILE = "";
				SWIFT_OBJC_BRIDGING_HEADER = "Example/amplfy-Bridging-Header.h";
				SWIFT_OPTIMIZATION_LEVEL = "-Onone";
				TARGETED_DEVICE_FAMILY = "1,2";
				WRAPPER_EXTENSION = app;
			};
			name = Debug;
		};
		D945ADCA189853A90026F697 /* Release */ = {
			isa = XCBuildConfiguration;
			baseConfigurationReference = 1491D2D979AA56461FB4ECBB /* Pods.release.xcconfig */;
			buildSettings = {
				ASSETCATALOG_COMPILER_APPICON_NAME = AppIcon;
				ASSETCATALOG_COMPILER_LAUNCHIMAGE_NAME = LaunchImage;
				CLANG_ENABLE_MODULES = YES;
				CODE_SIGN_IDENTITY = "iPhone Developer";
				"CODE_SIGN_IDENTITY[sdk=iphoneos*]" = "iPhone Developer";
				FRAMEWORK_SEARCH_PATHS = (
					"$(inherited)",
					"$(DEVELOPER_FRAMEWORKS_DIR)",
					"$(PROJECT_DIR)",
				);
				GCC_PRECOMPILE_PREFIX_HEADER = YES;
				GCC_PREFIX_HEADER = "Example/amplfy-Prefix.pch";
				INFOPLIST_FILE = "Example/amplfy-Info.plist";
				IPHONEOS_DEPLOYMENT_TARGET = 8.0;
				LD_RUNPATH_SEARCH_PATHS = "$(inherited) @executable_path/Frameworks";
				PRODUCT_NAME = amplfy;
				PROVISIONING_PROFILE = "";
				SWIFT_OBJC_BRIDGING_HEADER = "Example/amplfy-Bridging-Header.h";
				TARGETED_DEVICE_FAMILY = "1,2";
				WRAPPER_EXTENSION = app;
			};
			name = Release;
		};
		D99912EC18984D3F00BFCBA4 /* Debug */ = {
			isa = XCBuildConfiguration;
			buildSettings = {
				ALWAYS_SEARCH_USER_PATHS = NO;
				CLANG_CXX_LANGUAGE_STANDARD = "gnu++0x";
				CLANG_CXX_LIBRARY = "libc++";
				CLANG_ENABLE_MODULES = YES;
				CLANG_ENABLE_OBJC_ARC = YES;
				CLANG_WARN_BOOL_CONVERSION = YES;
				CLANG_WARN_CONSTANT_CONVERSION = YES;
				CLANG_WARN_DIRECT_OBJC_ISA_USAGE = YES_ERROR;
				CLANG_WARN_EMPTY_BODY = YES;
				CLANG_WARN_ENUM_CONVERSION = YES;
				CLANG_WARN_INT_CONVERSION = YES;
				CLANG_WARN_OBJC_ROOT_CLASS = YES_ERROR;
				CLANG_WARN__DUPLICATE_METHOD_MATCH = YES;
				COPY_PHASE_STRIP = NO;
				GCC_C_LANGUAGE_STANDARD = gnu99;
				GCC_DYNAMIC_NO_PIC = NO;
				GCC_OPTIMIZATION_LEVEL = 0;
				GCC_PREPROCESSOR_DEFINITIONS = (
					"DEBUG=1",
					"$(inherited)",
				);
				GCC_SYMBOLS_PRIVATE_EXTERN = NO;
				GCC_WARN_64_TO_32_BIT_CONVERSION = YES;
				GCC_WARN_ABOUT_RETURN_TYPE = YES_ERROR;
				GCC_WARN_UNDECLARED_SELECTOR = YES;
				GCC_WARN_UNINITIALIZED_AUTOS = YES;
				GCC_WARN_UNUSED_FUNCTION = YES;
				GCC_WARN_UNUSED_VARIABLE = YES;
				IPHONEOS_DEPLOYMENT_TARGET = 7.0;
				ONLY_ACTIVE_ARCH = YES;
				SDKROOT = iphoneos;
			};
			name = Debug;
		};
		D99912ED18984D3F00BFCBA4 /* Release */ = {
			isa = XCBuildConfiguration;
			buildSettings = {
				ALWAYS_SEARCH_USER_PATHS = NO;
				CLANG_CXX_LANGUAGE_STANDARD = "gnu++0x";
				CLANG_CXX_LIBRARY = "libc++";
				CLANG_ENABLE_MODULES = YES;
				CLANG_ENABLE_OBJC_ARC = YES;
				CLANG_WARN_BOOL_CONVERSION = YES;
				CLANG_WARN_CONSTANT_CONVERSION = YES;
				CLANG_WARN_DIRECT_OBJC_ISA_USAGE = YES_ERROR;
				CLANG_WARN_EMPTY_BODY = YES;
				CLANG_WARN_ENUM_CONVERSION = YES;
				CLANG_WARN_INT_CONVERSION = YES;
				CLANG_WARN_OBJC_ROOT_CLASS = YES_ERROR;
				CLANG_WARN__DUPLICATE_METHOD_MATCH = YES;
				COPY_PHASE_STRIP = YES;
				ENABLE_NS_ASSERTIONS = NO;
				GCC_C_LANGUAGE_STANDARD = gnu99;
				GCC_WARN_64_TO_32_BIT_CONVERSION = YES;
				GCC_WARN_ABOUT_RETURN_TYPE = YES_ERROR;
				GCC_WARN_UNDECLARED_SELECTOR = YES;
				GCC_WARN_UNINITIALIZED_AUTOS = YES;
				GCC_WARN_UNUSED_FUNCTION = YES;
				GCC_WARN_UNUSED_VARIABLE = YES;
				IPHONEOS_DEPLOYMENT_TARGET = 7.0;
				SDKROOT = iphoneos;
				VALIDATE_PRODUCT = YES;
			};
			name = Release;
		};
		D9F50E0C18FC956700A71C1F /* Debug */ = {
			isa = XCBuildConfiguration;
			buildSettings = {
				PRODUCT_NAME = "$(TARGET_NAME)";
			};
			name = Debug;
		};
		D9F50E0D18FC956700A71C1F /* Release */ = {
			isa = XCBuildConfiguration;
			buildSettings = {
				PRODUCT_NAME = "$(TARGET_NAME)";
			};
			name = Release;
		};
/* End XCBuildConfiguration section */

/* Begin XCConfigurationList section */
		D945ADC8189853A90026F697 /* Build configuration list for PBXNativeTarget "amplfy" */ = {
			isa = XCConfigurationList;
			buildConfigurations = (
				D945ADC9189853A90026F697 /* Debug */,
				D945ADCA189853A90026F697 /* Release */,
			);
			defaultConfigurationIsVisible = 0;
			defaultConfigurationName = Release;
		};
		D99912C618984D3F00BFCBA4 /* Build configuration list for PBXProject "amplfy" */ = {
			isa = XCConfigurationList;
			buildConfigurations = (
				D99912EC18984D3F00BFCBA4 /* Debug */,
				D99912ED18984D3F00BFCBA4 /* Release */,
			);
			defaultConfigurationIsVisible = 0;
			defaultConfigurationName = Release;
		};
		D9F50E0E18FC956700A71C1F /* Build configuration list for PBXAggregateTarget "Documentation" */ = {
			isa = XCConfigurationList;
			buildConfigurations = (
				D9F50E0C18FC956700A71C1F /* Debug */,
				D9F50E0D18FC956700A71C1F /* Release */,
			);
			defaultConfigurationIsVisible = 0;
			defaultConfigurationName = Release;
		};
/* End XCConfigurationList section */
	};
	rootObject = D99912C318984D3F00BFCBA4 /* Project object */;
}
